<?xml version="1.0" encoding="utf-8"?>
<Project ToolsVersion="4.0" xmlns="http://schemas.microsoft.com/developer/msbuild/2003">
  <ItemGroup>
    <Filter Include="Source Files">
      <UniqueIdentifier>{ce0782cd-a4b7-4bf3-b76c-cda08474b76f}</UniqueIdentifier>
      <Extensions>cpp;c;cxx;rc;def;r;odl;idl;hpj;bat</Extensions>
    </Filter>
    <Filter Include="Header Files">
      <UniqueIdentifier>{e617c3e5-6642-4de5-b016-ef59a686b25e}</UniqueIdentifier>
      <Extensions>h;hpp;hxx;hm;inl</Extensions>
    </Filter>
    <Filter Include="Resource Files">
      <UniqueIdentifier>{f3a70481-fc1a-4971-a242-8f1d74cf18d1}</UniqueIdentifier>
      <Extensions>ico;cur;bmp;dlg;rc2;rct;bin;rgs;gif;jpg;jpeg;jpe</Extensions>
    </Filter>
  </ItemGroup>
  <ItemGroup>
    <ClCompile Include="ATLAS_StepType.cpp">
      <Filter>Source Files</Filter>
    </ClCompile>
    <ClCompile Include="ConfigureExecutionDlg.cpp">
      <Filter>Source Files</Filter>
    </ClCompile>
    <ClCompile Include="ExecuteTPS.cpp">
      <Filter>Source Files</Filter>
    </ClCompile>
    <ClCompile Include="ManualInterventionDlg.cpp">
      <Filter>Source Files</Filter>
    </ClCompile>
    <ClCompile Include="StdAfx.cpp">
      <Filter>Source Files</Filter>
    </ClCompile>
    <ClCompile Include="Utils.cpp">
      <Filter>Source Files</Filter>
    </ClCompile>
  </ItemGroup>
  <ItemGroup>
    <None Include="ATLAS_StepType.def">
      <Filter>Source Files</Filter>
    </None>
    <None Include="res\add_param.ico">
      <Filter>Resource Files</Filter>
    </None>
    <None Include="res\down_param.ico">
      <Filter>Resource Files</Filter>
    </None>
    <None Include="ExecuteTPS.rgs">
      <Filter>Resource Files</Filter>
    </None>
    <None Include="res\filebrowse.ico">
      <Filter>Resource Files</Filter>
    </None>
    <None Include="res\remove_param.ico">
      <Filter>Resource Files</Filter>
    </None>
    <None Include="res\up_param.ico">
      <Filter>Resource Files</Filter>
    </None>
  </ItemGroup>
  <ItemGroup>
    <Midl Include="ATLAS_StepType.idl">
      <Filter>Source Files</Filter>
    </Midl>
  </ItemGroup>
  <ItemGroup>
    <ResourceCompile Include="ATLAS_StepType.rc">
      <Filter>Source Files</Filter>
    </ResourceCompile>
  </ItemGroup>
  <ItemGroup>
    <ClInclude Include="ATLASParameter.h">
      <Filter>Header Files</Filter>
    </ClInclude>
    <ClInclude Include="ConfigureExecutionDlg.h">
      <Filter>Header Files</Filter>
    </ClInclude>
    <ClInclude Include="ExecuteTPS.h">
      <Filter>Header Files</Filter>
    </ClInclude>
    <ClInclude Include="ManualInterventionDlg.h">
      <Filter>Header Files</Filter>
    </ClInclude>
    <ClInclude Include="Resource.h">
      <Filter>Header Files</Filter>
    </ClInclude>
    <ClInclude Include="StdAfx.h">
      <Filter>Header Files</Filter>
    </ClInclude>
    <ClInclude Include="Utils.h">
      <Filter>Header Files</Filter>
    </ClInclude>
  </ItemGroup>
</Project>